Microsoft Visual Studio Solution File, Format Version 11.00
# Visual Studio 2008

Project("{3A372B04-B953-23B7-2C2B-2F9A5D24E67B}") = "PI", "Assembly-CSharp-firstpass-vs.csproj", "{3738364B-8E3D-70EB-4A60-D9D980F00BB9}"
EndProject
Project("{3A372B04-B953-23B7-2C2B-2F9A5D24E67B}") = "PI", "Assembly-CSharp-vs.csproj", "{91AC1F95-B110-CBC9-E811-6CC5E294FC3B}"
EndProject
Global
	GlobalSection(SolutionConfigurationPlatforms) = preSolution
		Debug|Any CPU = Debug|Any CPU
		Release|Any CPU = Release|Any CPU
	EndGlobalSection
	GlobalSection(ProjectConfigurationPlatforms) = postSolution
		{3738364B-8E3D-70EB-4A60-D9D980F00BB9}.Debug|Any CPU.ActiveCfg = Debug|Any CPU
		{3738364B-8E3D-70EB-4A60-D9D980F00BB9}.Debug|Any CPU.Build.0 = Debug|Any CPU
		{3738364B-8E3D-70EB-4A60-D9D980F00BB9}.Release|Any CPU.ActiveCfg = Release|Any CPU
		{3738364B-8E3D-70EB-4A60-D9D980F00BB9}.Release|Any CPU.Build.0 = Release|Any CPU
		{91AC1F95-B110-CBC9-E811-6CC5E294FC3B}.Debug|Any CPU.ActiveCfg = Debug|Any CPU
		{91AC1F95-B110-CBC9-E811-6CC5E294FC3B}.Debug|Any CPU.Build.0 = Debug|Any CPU
		{91AC1F95-B110-CBC9-E811-6CC5E294FC3B}.Release|Any CPU.ActiveCfg = Release|Any CPU
		{91AC1F95-B110-CBC9-E811-6CC5E294FC3B}.Release|Any CPU.Build.0 = Release|Any CPU
	EndGlobalSection
	GlobalSection(SolutionProperties) = preSolution
		HideSolutionNode = FALSE
	EndGlobalSection
															GlobalSection(MonoDevelopProperties) = preSolution
		StartupItem = Assembly-CSharp.csproj
		Policies = $0
		$0.TextStylePolicy = $1
		$1.inheritsSet = null
		$1.scope = text/x-csharp
		$0.CSharpFormattingPolicy = $2
		$2.inheritsSet = Mono
		$2.inheritsScope = text/x-csharp
		$2.scope = text/x-csharp
		$0.TextStylePolicy = $3
		$3.FileWidth = 120
		$3.TabWidth = 4
		$3.EolMarker = Unix
		$3.inheritsSet = Mono
		$3.inheritsScope = text/plain
		$3.scope = text/plain
	EndGlobalSection

EndGlobal
